<?xml version="1.0" encoding="UTF-8"?>
<CodeBlocks_project_file>
	<FileVersion major="1" minor="6"/>
	<Project>
		<Option title="game"/>
		<Option makefile_is_custom="1"/>
		<Option compiler="gcc"/>
		<Option virtualFolders="CMake Files\;CMake Files\cmake_find\;"/>
		<Build>
			<Target title="all">
				<Option working_dir="/Users/monty/git/blank-sdl-emscripten"/>
				<Option type="4"/>
				<MakeCommands>
					<Build command="/usr/local/bin/gmake -f &quot;/Users/monty/git/blank-sdl-emscripten/Makefile&quot;  VERBOSE=1 all"/>
					<CompileFile command="/usr/local/bin/gmake -f &quot;/Users/monty/git/blank-sdl-emscripten/Makefile&quot;  VERBOSE=1 &quot;$file&quot;"/>
					<Clean command="/usr/local/bin/gmake -f &quot;/Users/monty/git/blank-sdl-emscripten/Makefile&quot;  VERBOSE=1 clean"/>
					<DistClean command="/usr/local/bin/gmake -f &quot;/Users/monty/git/blank-sdl-emscripten/Makefile&quot;  VERBOSE=1 clean"/>
				</MakeCommands>
			</Target>
			<Target title="rebuild_cache">
				<Option working_dir="/Users/monty/git/blank-sdl-emscripten"/>
				<Option type="4"/>
				<MakeCommands>
					<Build command="/usr/local/bin/gmake -f &quot;/Users/monty/git/blank-sdl-emscripten/Makefile&quot;  VERBOSE=1 rebuild_cache"/>
					<CompileFile command="/usr/local/bin/gmake -f &quot;/Users/monty/git/blank-sdl-emscripten/Makefile&quot;  VERBOSE=1 &quot;$file&quot;"/>
					<Clean command="/usr/local/bin/gmake -f &quot;/Users/monty/git/blank-sdl-emscripten/Makefile&quot;  VERBOSE=1 clean"/>
					<DistClean command="/usr/local/bin/gmake -f &quot;/Users/monty/git/blank-sdl-emscripten/Makefile&quot;  VERBOSE=1 clean"/>
				</MakeCommands>
			</Target>
			<Target title="edit_cache">
				<Option working_dir="/Users/monty/git/blank-sdl-emscripten"/>
				<Option type="4"/>
				<MakeCommands>
					<Build command="/usr/local/bin/gmake -f &quot;/Users/monty/git/blank-sdl-emscripten/Makefile&quot;  VERBOSE=1 edit_cache"/>
					<CompileFile command="/usr/local/bin/gmake -f &quot;/Users/monty/git/blank-sdl-emscripten/Makefile&quot;  VERBOSE=1 &quot;$file&quot;"/>
					<Clean command="/usr/local/bin/gmake -f &quot;/Users/monty/git/blank-sdl-emscripten/Makefile&quot;  VERBOSE=1 clean"/>
					<DistClean command="/usr/local/bin/gmake -f &quot;/Users/monty/git/blank-sdl-emscripten/Makefile&quot;  VERBOSE=1 clean"/>
				</MakeCommands>
			</Target>
			<Target title="game">
				<Option output="/Users/monty/git/blank-sdl-emscripten/game" prefix_auto="0" extension_auto="0"/>
				<Option working_dir="/Users/monty/git/blank-sdl-emscripten"/>
				<Option object_output="./"/>
				<Option type="1"/>
				<Option compiler="gcc"/>
				<Compiler>
					<Add directory="/usr/local/include/SDL2"/>
					<Add directory="/Users/monty/git/blank-sdl-emscripten/base3d/include"/>
					<Add directory="/Users/monty/git/blank-sdl-emscripten/common/include"/>
					<Add directory="/Users/monty/git/blank-sdl-emscripten/menu/include"/>
					<Add directory="/Users/monty/git/blank-sdl-emscripten/SoundSystem"/>
				</Compiler>
				<MakeCommands>
					<Build command="/usr/local/bin/gmake -f &quot;/Users/monty/git/blank-sdl-emscripten/Makefile&quot;  VERBOSE=1 game"/>
					<CompileFile command="/usr/local/bin/gmake -f &quot;/Users/monty/git/blank-sdl-emscripten/Makefile&quot;  VERBOSE=1 &quot;$file&quot;"/>
					<Clean command="/usr/local/bin/gmake -f &quot;/Users/monty/git/blank-sdl-emscripten/Makefile&quot;  VERBOSE=1 clean"/>
					<DistClean command="/usr/local/bin/gmake -f &quot;/Users/monty/git/blank-sdl-emscripten/Makefile&quot;  VERBOSE=1 clean"/>
				</MakeCommands>
			</Target>
			<Target title="game/fast">
				<Option output="/Users/monty/git/blank-sdl-emscripten/game" prefix_auto="0" extension_auto="0"/>
				<Option working_dir="/Users/monty/git/blank-sdl-emscripten"/>
				<Option object_output="./"/>
				<Option type="1"/>
				<Option compiler="gcc"/>
				<Compiler>
					<Add directory="/usr/local/include/SDL2"/>
					<Add directory="/Users/monty/git/blank-sdl-emscripten/base3d/include"/>
					<Add directory="/Users/monty/git/blank-sdl-emscripten/common/include"/>
					<Add directory="/Users/monty/git/blank-sdl-emscripten/menu/include"/>
					<Add directory="/Users/monty/git/blank-sdl-emscripten/SoundSystem"/>
				</Compiler>
				<MakeCommands>
					<Build command="/usr/local/bin/gmake -f &quot;/Users/monty/git/blank-sdl-emscripten/Makefile&quot;  VERBOSE=1 game/fast"/>
					<CompileFile command="/usr/local/bin/gmake -f &quot;/Users/monty/git/blank-sdl-emscripten/Makefile&quot;  VERBOSE=1 &quot;$file&quot;"/>
					<Clean command="/usr/local/bin/gmake -f &quot;/Users/monty/git/blank-sdl-emscripten/Makefile&quot;  VERBOSE=1 clean"/>
					<DistClean command="/usr/local/bin/gmake -f &quot;/Users/monty/git/blank-sdl-emscripten/Makefile&quot;  VERBOSE=1 clean"/>
				</MakeCommands>
			</Target>
		</Build>
		<Unit filename="/Users/monty/git/blank-sdl-emscripten/base3d/src/CPackedFileReader.c">
			<Option target="game"/>
		</Unit>
		<Unit filename="/Users/monty/git/blank-sdl-emscripten/base3d/src/CRenderer.c">
			<Option target="game"/>
		</Unit>
		<Unit filename="/Users/monty/git/blank-sdl-emscripten/base3d/src/CRenderer_Rasterization.c">
			<Option target="game"/>
		</Unit>
		<Unit filename="/Users/monty/git/blank-sdl-emscripten/base3d/src/FixP.c">
			<Option target="game"/>
		</Unit>
		<Unit filename="/Users/monty/git/blank-sdl-emscripten/base3d/src/Globals.c">
			<Option target="game"/>
		</Unit>
		<Unit filename="/Users/monty/git/blank-sdl-emscripten/base3d/src/LoadBitmap.c">
			<Option target="game"/>
		</Unit>
		<Unit filename="/Users/monty/git/blank-sdl-emscripten/base3d/src/SDLVersion/CSDL2Renderer.c">
			<Option target="game"/>
		</Unit>
		<Unit filename="/Users/monty/git/blank-sdl-emscripten/menu/src/CreditsScreen.c">
			<Option target="game"/>
		</Unit>
		<Unit filename="/Users/monty/git/blank-sdl-emscripten/menu/src/HelpScreen.c">
			<Option target="game"/>
		</Unit>
		<Unit filename="/Users/monty/git/blank-sdl-emscripten/menu/src/Interrogation.c">
			<Option target="game"/>
		</Unit>
		<Unit filename="/Users/monty/git/blank-sdl-emscripten/menu/src/Main.c">
			<Option target="game"/>
		</Unit>
		<Unit filename="/Users/monty/git/blank-sdl-emscripten/menu/src/MainMenu.c">
			<Option target="game"/>
		</Unit>
		<Unit filename="/Users/monty/git/blank-sdl-emscripten/menu/src/UI.c">
			<Option target="game"/>
		</Unit>
		<Unit filename="/Users/monty/git/blank-sdl-emscripten/CMakeLists.txt">
			<Option virtualFolder="CMake Files\"/>
		</Unit>
		<Unit filename="/Users/monty/git/blank-sdl-emscripten/cmake_find/FindSDL2.cmake">
			<Option virtualFolder="CMake Files\cmake_find\"/>
		</Unit>
	</Project>
</CodeBlocks_project_file>
